{
  "object": {
    "pins": [
      {
        "package": "Files",
        "repositoryURL": "https://github.com/johnsundell/files.git",
        "state": {
          "branch": null,
          "revision": "c2b337cd9cbe91622830e7e0f8ca76845ba81ca6",
          "version": "1.12.0"
        }
      },
      {
        "package": "SwiftShell",
        "repositoryURL": "https://github.com/kareman/SwiftShell",
        "state": {
          "branch": null,
          "revision": "02c8ae6a5d829d28aaa9683129fc71f899beca3a",
          "version": "4.1.1"
        }
      }
    ]
  },
  "version": 1
}
